
Microsoft Visual Studio Solution File, Format Version 12.00
# Visual Studio Version 17
VisualStudioVersion = 17.3.32804.467
MinimumVisualStudioVersion = 10.0.40219.1
Project("{FAE04EC0-301F-11D3-BF4B-00C04F79EFBC}") = "FilmesAPI", "FilmesAPI\FilmesAPI.csproj", "{9E5D80BC-1D9E-4169-8583-46B296B2792E}"
EndProject
Global
	GlobalSection(SolutionConfigurationPlatforms) = preSolution
		Debug|Any CPU = Debug|Any CPU
		Release|Any CPU = Release|Any CPU
	EndGlobalSection
	GlobalSection(ProjectConfigurationPlatforms) = postSolution
		{9E5D80BC-1D9E-4169-8583-46B296B2792E}.Debug|Any CPU.ActiveCfg = Debug|Any CPU
		{9E5D80BC-1D9E-4169-8583-46B296B2792E}.Debug|Any CPU.Build.0 = Debug|Any CPU
		{9E5D80BC-1D9E-4169-8583-46B296B2792E}.Release|Any CPU.ActiveCfg = Release|Any CPU
		{9E5D80BC-1D9E-4169-8583-46B296B2792E}.Release|Any CPU.Build.0 = Release|Any CPU
	EndGlobalSection
	GlobalSection(SolutionProperties) = preSolution
		HideSolutionNode = FALSE
	EndGlobalSection
	GlobalSection(ExtensibilityGlobals) = postSolution
		SolutionGuid = {042A3E77-734B-4F56-AE90-CEEA24C3BF8E}
	EndGlobalSection
EndGlobal
